
Microsoft Visual Studio Solution File, Format Version 12.00
# Visual Studio Version 16
VisualStudioVersion = 16.0.31410.357
MinimumVisualStudioVersion = 10.0.40219.1
Project("{9A19103F-16F7-4668-BE54-9A1E7A4F7556}") = "InventoryManagementSystem", "InventoryManagementSystem.csproj", "{67B65A42-BB06-46E7-8FE5-500342563263}"
EndProject
Project("{FAE04EC0-301F-11D3-BF4B-00C04F79EFBC}") = "NotifyFunction", "..\NotifyFunction\NotifyFunction.csproj", "{CF8BBED7-7AB7-427C-9443-F3639043D1D9}"
EndProject
Global
	GlobalSection(SolutionConfigurationPlatforms) = preSolution
		Debug|Any CPU = Debug|Any CPU
		Release|Any CPU = Release|Any CPU
	EndGlobalSection
	GlobalSection(ProjectConfigurationPlatforms) = postSolution
		{67B65A42-BB06-46E7-8FE5-500342563263}.Debug|Any CPU.ActiveCfg = Debug|Any CPU
		{67B65A42-BB06-46E7-8FE5-500342563263}.Debug|Any CPU.Build.0 = Debug|Any CPU
		{67B65A42-BB06-46E7-8FE5-500342563263}.Release|Any CPU.ActiveCfg = Release|Any CPU
		{67B65A42-BB06-46E7-8FE5-500342563263}.Release|Any CPU.Build.0 = Release|Any CPU
		{CF8BBED7-7AB7-427C-9443-F3639043D1D9}.Debug|Any CPU.ActiveCfg = Debug|Any CPU
		{CF8BBED7-7AB7-427C-9443-F3639043D1D9}.Debug|Any CPU.Build.0 = Debug|Any CPU
		{CF8BBED7-7AB7-427C-9443-F3639043D1D9}.Release|Any CPU.ActiveCfg = Release|Any CPU
		{CF8BBED7-7AB7-427C-9443-F3639043D1D9}.Release|Any CPU.Build.0 = Release|Any CPU
	EndGlobalSection
	GlobalSection(SolutionProperties) = preSolution
		HideSolutionNode = FALSE
	EndGlobalSection
	GlobalSection(ExtensibilityGlobals) = postSolution
		SolutionGuid = {216E9A19-6933-441D-A942-D0F0B7295FED}
	EndGlobalSection
EndGlobal
